
Microsoft Visual Studio Solution File, Format Version 12.00
Project("{FAE04EC0-301F-11D3-BF4B-00C04F79EFBC}") = "Freq_1_whole", "Freq_1_whole\Freq_1_whole.csproj", "{FDCEB42E-A87C-40DE-8709-88B5B25D1A62}"
EndProject
Global
	GlobalSection(SolutionConfigurationPlatforms) = preSolution
		Debug|Any CPU = Debug|Any CPU
		Release|Any CPU = Release|Any CPU
	EndGlobalSection
	GlobalSection(ProjectConfigurationPlatforms) = postSolution
		{FDCEB42E-A87C-40DE-8709-88B5B25D1A62}.Debug|Any CPU.ActiveCfg = Debug|Any CPU
		{FDCEB42E-A87C-40DE-8709-88B5B25D1A62}.Debug|Any CPU.Build.0 = Debug|Any CPU
		{FDCEB42E-A87C-40DE-8709-88B5B25D1A62}.Release|Any CPU.ActiveCfg = Release|Any CPU
		{FDCEB42E-A87C-40DE-8709-88B5B25D1A62}.Release|Any CPU.Build.0 = Release|Any CPU
	EndGlobalSection
EndGlobal
